
Microsoft Visual Studio Solution File, Format Version 12.00
# Visual Studio Version 17
VisualStudioVersion = 17.8.34330.188
MinimumVisualStudioVersion = 10.0.40219.1
Project("{FAE04EC0-301F-11D3-BF4B-00C04F79EFBC}") = "WindowsConnection", "WindowsConnection.csproj", "{241A7A6F-594E-4A83-859B-5FA2D10219E8}"
EndProject
Global
	GlobalSection(SolutionConfigurationPlatforms) = preSolution
		Debug|Any CPU = Debug|Any CPU
		Release|Any CPU = Release|Any CPU
	EndGlobalSection
	GlobalSection(ProjectConfigurationPlatforms) = postSolution
		{241A7A6F-594E-4A83-859B-5FA2D10219E8}.Debug|Any CPU.ActiveCfg = Debug|Any CPU
		{241A7A6F-594E-4A83-859B-5FA2D10219E8}.Debug|Any CPU.Build.0 = Debug|Any CPU
		{241A7A6F-594E-4A83-859B-5FA2D10219E8}.Release|Any CPU.ActiveCfg = Release|Any CPU
		{241A7A6F-594E-4A83-859B-5FA2D10219E8}.Release|Any CPU.Build.0 = Release|Any CPU
	EndGlobalSection
	GlobalSection(SolutionProperties) = preSolution
		HideSolutionNode = FALSE
	EndGlobalSection
	GlobalSection(ExtensibilityGlobals) = postSolution
		SolutionGuid = {1FD76F9E-9AEF-4876-95AC-B6E23F11B1F3}
	EndGlobalSection
EndGlobal
